// !$*UTF8*$!
{
	archiveVersion = 1;
	classes = {
	};
	objectVersion = 48;
	objects = {

/* Begin PBXBuildFile section */
		4568F7A3202AA19100B7EB5D /* AppDelegate.swift in Sources */ = {isa = PBXBuildFile; fileRef = 4568F7A2202AA19100B7EB5D /* AppDelegate.swift */; };
		4568F7A5202AA19100B7EB5D /* ViewController.swift in Sources */ = {isa = PBXBuildFile; fileRef = 4568F7A4202AA19100B7EB5D /* ViewController.swift */; };
		4568F7A7202AA19100B7EB5D /* Assets.xcassets in Resources */ = {isa = PBXBuildFile; fileRef = 4568F7A6202AA19100B7EB5D /* Assets.xcassets */; };
		4568F7AA202AA19100B7EB5D /* Main.storyboard in Resources */ = {isa = PBXBuildFile; fileRef = 4568F7A8202AA19100B7EB5D /* Main.storyboard */; };
		4568F7B9202AA1F000B7EB5D /* Cocoa.framework in Frameworks */ = {isa = PBXBuildFile; fileRef = 4568F7B8202AA1F000B7EB5D /* Cocoa.framework */; };
		4568F7BC202AA1F000B7EB5D /* SourceEditorExtension.swift in Sources */ = {isa = PBXBuildFile; fileRef = 4568F7BB202AA1F000B7EB5D /* SourceEditorExtension.swift */; };
		4568F7BE202AA1F000B7EB5D /* SourceEditorCommand.swift in Sources */ = {isa = PBXBuildFile; fileRef = 4568F7BD202AA1F000B7EB5D /* SourceEditorCommand.swift */; };
		4568F7C3202AA1F000B7EB5D /* Linked List.appex in Embed App Extensions */ = {isa = PBXBuildFile; fileRef = 4568F7B6202AA1EF00B7EB5D /* Linked List.appex */; settings = {ATTRIBUTES = (RemoveHeadersOnCopy, ); }; };
/* End PBXBuildFile section */

/* Begin PBXContainerItemProxy section */
		4568F7C1202AA1F000B7EB5D /* PBXContainerItemProxy */ = {
			isa = PBXContainerItemProxy;
			containerPortal = 4568F797202AA19100B7EB5D /* Project object */;
			proxyType = 1;
			remoteGlobalIDString = 4568F7B5202AA1EF00B7EB5D;
			remoteInfo = "Linked List";
		};
/* End PBXContainerItemProxy section */

/* Begin PBXCopyFilesBuildPhase section */
		4568F7C7202AA1F000B7EB5D /* Embed App Extensions */ = {
			isa = PBXCopyFilesBuildPhase;
			buildActionMask = 2147483647;
			dstPath = "";
			dstSubfolderSpec = 13;
			files = (
				4568F7C3202AA1F000B7EB5D /* Linked List.appex in Embed App Extensions */,
			);
			name = "Embed App Extensions";
			runOnlyForDeploymentPostprocessing = 0;
		};
/* End PBXCopyFilesBuildPhase section */

/* Begin PBXFileReference section */
		4568F79F202AA19100B7EB5D /* Linkist.app */ = {isa = PBXFileReference; explicitFileType = wrapper.application; includeInIndex = 0; path = Linkist.app; sourceTree = BUILT_PRODUCTS_DIR; };
		4568F7A2202AA19100B7EB5D /* AppDelegate.swift */ = {isa = PBXFileReference; lastKnownFileType = sourcecode.swift; path = AppDelegate.swift; sourceTree = "<group>"; };
		4568F7A4202AA19100B7EB5D /* ViewController.swift */ = {isa = PBXFileReference; lastKnownFileType = sourcecode.swift; path = ViewController.swift; sourceTree = "<group>"; };
		4568F7A6202AA19100B7EB5D /* Assets.xcassets */ = {isa = PBXFileReference; lastKnownFileType = folder.assetcatalog; path = Assets.xcassets; sourceTree = "<group>"; };
		4568F7A9202AA19100B7EB5D /* Base */ = {isa = PBXFileReference; lastKnownFileType = file.storyboard; name = Base; path = Base.lproj/Main.storyboard; sourceTree = "<group>"; };
		4568F7AB202AA19100B7EB5D /* Info.plist */ = {isa = PBXFileReference; lastKnownFileType = text.plist.xml; path = Info.plist; sourceTree = "<group>"; };
		4568F7AC202AA19100B7EB5D /* Linkist.entitlements */ = {isa = PBXFileReference; lastKnownFileType = text.plist.entitlements; path = Linkist.entitlements; sourceTree = "<group>"; };
		4568F7B6202AA1EF00B7EB5D /* Linked List.appex */ = {isa = PBXFileReference; explicitFileType = "wrapper.app-extension"; includeInIndex = 0; path = "Linked List.appex"; sourceTree = BUILT_PRODUCTS_DIR; };
		4568F7B8202AA1F000B7EB5D /* Cocoa.framework */ = {isa = PBXFileReference; lastKnownFileType = wrapper.framework; name = Cocoa.framework; path = System/Library/Frameworks/Cocoa.framework; sourceTree = SDKROOT; };
		4568F7BB202AA1F000B7EB5D /* SourceEditorExtension.swift */ = {isa = PBXFileReference; lastKnownFileType = sourcecode.swift; path = SourceEditorExtension.swift; sourceTree = "<group>"; };
		4568F7BD202AA1F000B7EB5D /* SourceEditorCommand.swift */ = {isa = PBXFileReference; lastKnownFileType = sourcecode.swift; path = SourceEditorCommand.swift; sourceTree = "<group>"; };
		4568F7BF202AA1F000B7EB5D /* Info.plist */ = {isa = PBXFileReference; lastKnownFileType = text.plist.xml; path = Info.plist; sourceTree = "<group>"; };
		4568F7C0202AA1F000B7EB5D /* Linked_List.entitlements */ = {isa = PBXFileReference; lastKnownFileType = text.plist.entitlements; path = Linked_List.entitlements; sourceTree = "<group>"; };
/* End PBXFileReference section */

/* Begin PBXFrameworksBuildPhase section */
		4568F79C202AA19100B7EB5D /* Frameworks */ = {
			isa = PBXFrameworksBuildPhase;
			buildActionMask = 2147483647;
			files = (
			);
			runOnlyForDeploymentPostprocessing = 0;
		};
		4568F7B3202AA1EF00B7EB5D /* Frameworks */ = {
			isa = PBXFrameworksBuildPhase;
			buildActionMask = 2147483647;
			files = (
				4568F7B9202AA1F000B7EB5D /* Cocoa.framework in Frameworks */,
			);
			runOnlyForDeploymentPostprocessing = 0;
		};
/* End PBXFrameworksBuildPhase section */

/* Begin PBXGroup section */
		4568F796202AA19100B7EB5D = {
			isa = PBXGroup;
			children = (
				4568F7A1202AA19100B7EB5D /* Linkist */,
				4568F7BA202AA1F000B7EB5D /* Linked List */,
				4568F7B7202AA1F000B7EB5D /* Frameworks */,
				4568F7A0202AA19100B7EB5D /* Products */,
			);
			sourceTree = "<group>";
		};
		4568F7A0202AA19100B7EB5D /* Products */ = {
			isa = PBXGroup;
			children = (
				4568F79F202AA19100B7EB5D /* Linkist.app */,
				4568F7B6202AA1EF00B7EB5D /* Linked List.appex */,
			);
			name = Products;
			sourceTree = "<group>";
		};
		4568F7A1202AA19100B7EB5D /* Linkist */ = {
			isa = PBXGroup;
			children = (
				4568F7A2202AA19100B7EB5D /* AppDelegate.swift */,
				4568F7A4202AA19100B7EB5D /* ViewController.swift */,
				4568F7A6202AA19100B7EB5D /* Assets.xcassets */,
				4568F7A8202AA19100B7EB5D /* Main.storyboard */,
				4568F7AB202AA19100B7EB5D /* Info.plist */,
				4568F7AC202AA19100B7EB5D /* Linkist.entitlements */,
			);
			path = Linkist;
			sourceTree = "<group>";
		};
		4568F7B7202AA1F000B7EB5D /* Frameworks */ = {
			isa = PBXGroup;
			children = (
				4568F7B8202AA1F000B7EB5D /* Cocoa.framework */,
			);
			name = Frameworks;
			sourceTree = "<group>";
		};
		4568F7BA202AA1F000B7EB5D /* Linked List */ = {
			isa = PBXGroup;
			children = (
				4568F7BB202AA1F000B7EB5D /* SourceEditorExtension.swift */,
				4568F7BD202AA1F000B7EB5D /* SourceEditorCommand.swift */,
				4568F7BF202AA1F000B7EB5D /* Info.plist */,
				4568F7C0202AA1F000B7EB5D /* Linked_List.entitlements */,
			);
			path = "Linked List";
			sourceTree = "<group>";
		};
/* End PBXGroup section */

/* Begin PBXNativeTarget section */
		4568F79E202AA19100B7EB5D /* Linkist */ = {
			isa = PBXNativeTarget;
			buildConfigurationList = 4568F7AF202AA19100B7EB5D /* Build configuration list for PBXNativeTarget "Linkist" */;
			buildPhases = (
				4568F79B202AA19100B7EB5D /* Sources */,
				4568F79C202AA19100B7EB5D /* Frameworks */,
				4568F79D202AA19100B7EB5D /* Resources */,
				4568F7C7202AA1F000B7EB5D /* Embed App Extensions */,
			);
			buildRules = (
			);
			dependencies = (
				4568F7C2202AA1F000B7EB5D /* PBXTargetDependency */,
			);
			name = Linkist;
			productName = Linkist;
			productReference = 4568F79F202AA19100B7EB5D /* Linkist.app */;
			productType = "com.apple.product-type.application";
		};
		4568F7B5202AA1EF00B7EB5D /* Linked List */ = {
			isa = PBXNativeTarget;
			buildConfigurationList = 4568F7C4202AA1F000B7EB5D /* Build configuration list for PBXNativeTarget "Linked List" */;
			buildPhases = (
				4568F7B2202AA1EF00B7EB5D /* Sources */,
				4568F7B3202AA1EF00B7EB5D /* Frameworks */,
				4568F7B4202AA1EF00B7EB5D /* Resources */,
			);
			buildRules = (
			);
			dependencies = (
			);
			name = "Linked List";
			productName = "Linked List";
			productReference = 4568F7B6202AA1EF00B7EB5D /* Linked List.appex */;
			productType = "com.apple.product-type.xcode-extension";
		};
/* End PBXNativeTarget section */

/* Begin PBXProject section */
		4568F797202AA19100B7EB5D /* Project object */ = {
			isa = PBXProject;
			attributes = {
				LastSwiftUpdateCheck = 0920;
				LastUpgradeCheck = 0920;
				ORGANIZATIONNAME = "Roben Kleene";
				TargetAttributes = {
					4568F79E202AA19100B7EB5D = {
						CreatedOnToolsVersion = 9.2;
						ProvisioningStyle = Automatic;
					};
					4568F7B5202AA1EF00B7EB5D = {
						CreatedOnToolsVersion = 9.2;
						ProvisioningStyle = Automatic;
					};
				};
			};
			buildConfigurationList = 4568F79A202AA19100B7EB5D /* Build configuration list for PBXProject "Linkist" */;
			compatibilityVersion = "Xcode 8.0";
			developmentRegion = en;
			hasScannedForEncodings = 0;
			knownRegions = (
				en,
				Base,
			);
			mainGroup = 4568F796202AA19100B7EB5D;
			productRefGroup = 4568F7A0202AA19100B7EB5D /* Products */;
			projectDirPath = "";
			projectRoot = "";
			targets = (
				4568F79E202AA19100B7EB5D /* Linkist */,
				4568F7B5202AA1EF00B7EB5D /* Linked List */,
			);
		};
/* End PBXProject section */

/* Begin PBXResourcesBuildPhase section */
		4568F79D202AA19100B7EB5D /* Resources */ = {
			isa = PBXResourcesBuildPhase;
			buildActionMask = 2147483647;
			files = (
				4568F7A7202AA19100B7EB5D /* Assets.xcassets in Resources */,
				4568F7AA202AA19100B7EB5D /* Main.storyboard in Resources */,
			);
			runOnlyForDeploymentPostprocessing = 0;
		};
		4568F7B4202AA1EF00B7EB5D /* Resources */ = {
			isa = PBXResourcesBuildPhase;
			buildActionMask = 2147483647;
			files = (
			);
			runOnlyForDeploymentPostprocessing = 0;
		};
/* End PBXResourcesBuildPhase section */

/* Begin PBXSourcesBuildPhase section */
		4568F79B202AA19100B7EB5D /* Sources */ = {
			isa = PBXSourcesBuildPhase;
			buildActionMask = 2147483647;
			files = (
				4568F7A5202AA19100B7EB5D /* ViewController.swift in Sources */,
				4568F7A3202AA19100B7EB5D /* AppDelegate.swift in Sources */,
			);
			runOnlyForDeploymentPostprocessing = 0;
		};
		4568F7B2202AA1EF00B7EB5D /* Sources */ = {
			isa = PBXSourcesBuildPhase;
			buildActionMask = 2147483647;
			files = (
				4568F7BC202AA1F000B7EB5D /* SourceEditorExtension.swift in Sources */,
				4568F7BE202AA1F000B7EB5D /* SourceEditorCommand.swift in Sources */,
			);
			runOnlyForDeploymentPostprocessing = 0;
		};
/* End PBXSourcesBuildPhase section */

/* Begin PBXTargetDependency section */
		4568F7C2202AA1F000B7EB5D /* PBXTargetDependency */ = {
			isa = PBXTargetDependency;
			target = 4568F7B5202AA1EF00B7EB5D /* Linked List */;
			targetProxy = 4568F7C1202AA1F000B7EB5D /* PBXContainerItemProxy */;
		};
/* End PBXTargetDependency section */

/* Begin PBXVariantGroup section */
		4568F7A8202AA19100B7EB5D /* Main.storyboard */ = {
			isa = PBXVariantGroup;
			children = (
				4568F7A9202AA19100B7EB5D /* Base */,
			);
			name = Main.storyboard;
			sourceTree = "<group>";
		};
/* End PBXVariantGroup section */

/* Begin XCBuildConfiguration section */
		4568F7AD202AA19100B7EB5D /* Debug */ = {
			isa = XCBuildConfiguration;
			buildSettings = {
				ALWAYS_SEARCH_USER_PATHS = NO;
				CLANG_ANALYZER_NONNULL = YES;
				CLANG_ANALYZER_NUMBER_OBJECT_CONVERSION = YES_AGGRESSIVE;
				CLANG_CXX_LANGUAGE_STANDARD = "gnu++14";
				CLANG_CXX_LIBRARY = "libc++";
				CLANG_ENABLE_MODULES = YES;
				CLANG_ENABLE_OBJC_ARC = YES;
				CLANG_WARN_BLOCK_CAPTURE_AUTORELEASING = YES;
				CLANG_WARN_BOOL_CONVERSION = YES;
				CLANG_WARN_COMMA = YES;
				CLANG_WARN_CONSTANT_CONVERSION = YES;
				CLANG_WARN_DIRECT_OBJC_ISA_USAGE = YES_ERROR;
				CLANG_WARN_DOCUMENTATION_COMMENTS = YES;
				CLANG_WARN_EMPTY_BODY = YES;
				CLANG_WARN_ENUM_CONVERSION = YES;
				CLANG_WARN_INFINITE_RECURSION = YES;
				CLANG_WARN_INT_CONVERSION = YES;
				CLANG_WARN_NON_LITERAL_NULL_CONVERSION = YES;
				CLANG_WARN_OBJC_LITERAL_CONVERSION = YES;
				CLANG_WARN_OBJC_ROOT_CLASS = YES_ERROR;
				CLANG_WARN_RANGE_LOOP_ANALYSIS = YES;
				CLANG_WARN_STRICT_PROTOTYPES = YES;
				CLANG_WARN_SUSPICIOUS_MOVE = YES;
				CLANG_WARN_UNGUARDED_AVAILABILITY = YES_AGGRESSIVE;
				CLANG_WARN_UNREACHABLE_CODE = YES;
				CLANG_WARN__DUPLICATE_METHOD_MATCH = YES;
				CODE_SIGN_IDENTITY = "Mac Developer";
				COPY_PHASE_STRIP = NO;
				DEBUG_INFORMATION_FORMAT = dwarf;
				ENABLE_STRICT_OBJC_MSGSEND = YES;
				ENABLE_TESTABILITY = YES;
				GCC_C_LANGUAGE_STANDARD = gnu11;
				GCC_DYNAMIC_NO_PIC = NO;
				GCC_NO_COMMON_BLOCKS = YES;
				GCC_OPTIMIZATION_LEVEL = 0;
				GCC_PREPROCESSOR_DEFINITIONS = (
					"DEBUG=1",
					"$(inherited)",
				);
				GCC_WARN_64_TO_32_BIT_CONVERSION = YES;
				GCC_WARN_ABOUT_RETURN_TYPE = YES_ERROR;
				GCC_WARN_UNDECLARED_SELECTOR = YES;
				GCC_WARN_UNINITIALIZED_AUTOS = YES_AGGRESSIVE;
				GCC_WARN_UNUSED_FUNCTION = YES;
				GCC_WARN_UNUSED_VARIABLE = YES;
				MACOSX_DEPLOYMENT_TARGET = 10.13;
				MTL_ENABLE_DEBUG_INFO = YES;
				ONLY_ACTIVE_ARCH = YES;
				SDKROOT = macosx;
				SWIFT_ACTIVE_COMPILATION_CONDITIONS = DEBUG;
				SWIFT_OPTIMIZATION_LEVEL = "-Onone";
			};
			name = Debug;
		};
		4568F7AE202AA19100B7EB5D /* Release */ = {
			isa = XCBuildConfiguration;
			buildSettings = {
				ALWAYS_SEARCH_USER_PATHS = NO;
				CLANG_ANALYZER_NONNULL = YES;
				CLANG_ANALYZER_NUMBER_OBJECT_CONVERSION = YES_AGGRESSIVE;
				CLANG_CXX_LANGUAGE_STANDARD = "gnu++14";
				CLANG_CXX_LIBRARY = "libc++";
				CLANG_ENABLE_MODULES = YES;
				CLANG_ENABLE_OBJC_ARC = YES;
				CLANG_WARN_BLOCK_CAPTURE_AUTORELEASING = YES;
				CLANG_WARN_BOOL_CONVERSION = YES;
				CLANG_WARN_COMMA = YES;
				CLANG_WARN_CONSTANT_CONVERSION = YES;
				CLANG_WARN_DIRECT_OBJC_ISA_USAGE = YES_ERROR;
				CLANG_WARN_DOCUMENTATION_COMMENTS = YES;
				CLANG_WARN_EMPTY_BODY = YES;
				CLANG_WARN_ENUM_CONVERSION = YES;
				CLANG_WARN_INFINITE_RECURSION = YES;
				CLANG_WARN_INT_CONVERSION = YES;
				CLANG_WARN_NON_LITERAL_NULL_CONVERSION = YES;
				CLANG_WARN_OBJC_LITERAL_CONVERSION = YES;
				CLANG_WARN_OBJC_ROOT_CLASS = YES_ERROR;
				CLANG_WARN_RANGE_LOOP_ANALYSIS = YES;
				CLANG_WARN_STRICT_PROTOTYPES = YES;
				CLANG_WARN_SUSPICIOUS_MOVE = YES;
				CLANG_WARN_UNGUARDED_AVAILABILITY = YES_AGGRESSIVE;
				CLANG_WARN_UNREACHABLE_CODE = YES;
				CLANG_WARN__DUPLICATE_METHOD_MATCH = YES;
				CODE_SIGN_IDENTITY = "Mac Developer";
				COPY_PHASE_STRIP = NO;
				DEBUG_INFORMATION_FORMAT = "dwarf-with-dsym";
				ENABLE_NS_ASSERTIONS = NO;
				ENABLE_STRICT_OBJC_MSGSEND = YES;
				GCC_C_LANGUAGE_STANDARD = gnu11;
				GCC_NO_COMMON_BLOCKS = YES;
				GCC_WARN_64_TO_32_BIT_CONVERSION = YES;
				GCC_WARN_ABOUT_RETURN_TYPE = YES_ERROR;
				GCC_WARN_UNDECLARED_SELECTOR = YES;
				GCC_WARN_UNINITIALIZED_AUTOS = YES_AGGRESSIVE;
				GCC_WARN_UNUSED_FUNCTION = YES;
				GCC_WARN_UNUSED_VARIABLE = YES;
				MACOSX_DEPLOYMENT_TARGET = 10.13;
				MTL_ENABLE_DEBUG_INFO = NO;
				SDKROOT = macosx;
				SWIFT_OPTIMIZATION_LEVEL = "-Owholemodule";
			};
			name = Release;
		};
		4568F7B0202AA19100B7EB5D /* Debug */ = {
			isa = XCBuildConfiguration;
			buildSettings = {
				ALWAYS_EMBED_SWIFT_STANDARD_LIBRARIES = YES;
				ASSETCATALOG_COMPILER_APPICON_NAME = AppIcon;
				CODE_SIGN_ENTITLEMENTS = Linkist/Linkist.entitlements;
				CODE_SIGN_STYLE = Automatic;
				COMBINE_HIDPI_IMAGES = YES;
				DEVELOPMENT_TEAM = ZMEAAJZPVP;
				INFOPLIST_FILE = Linkist/Info.plist;
				LD_RUNPATH_SEARCH_PATHS = "$(inherited) @executable_path/../Frameworks";
				PRODUCT_BUNDLE_IDENTIFIER = com.1percenter.Linkist;
				PRODUCT_NAME = "$(TARGET_NAME)";
				SWIFT_VERSION = 4.0;
			};
			name = Debug;
		};
		4568F7B1202AA19100B7EB5D /* Release */ = {
			isa = XCBuildConfiguration;
			buildSettings = {
				ALWAYS_EMBED_SWIFT_STANDARD_LIBRARIES = YES;
				ASSETCATALOG_COMPILER_APPICON_NAME = AppIcon;
				CODE_SIGN_ENTITLEMENTS = Linkist/Linkist.entitlements;
				CODE_SIGN_STYLE = Automatic;
				COMBINE_HIDPI_IMAGES = YES;
				DEVELOPMENT_TEAM = ZMEAAJZPVP;
				INFOPLIST_FILE = Linkist/Info.plist;
				LD_RUNPATH_SEARCH_PATHS = "$(inherited) @executable_path/../Frameworks";
				PRODUCT_BUNDLE_IDENTIFIER = com.1percenter.Linkist;
				PRODUCT_NAME = "$(TARGET_NAME)";
				SWIFT_VERSION = 4.0;
			};
			name = Release;
		};
		4568F7C5202AA1F000B7EB5D /* Debug */ = {
			isa = XCBuildConfiguration;
			buildSettings = {
				CODE_SIGN_ENTITLEMENTS = "Linked List/Linked_List.entitlements";
				CODE_SIGN_STYLE = Automatic;
				COMBINE_HIDPI_IMAGES = YES;
				DEVELOPMENT_TEAM = ZMEAAJZPVP;
				INFOPLIST_FILE = "Linked List/Info.plist";
				LD_RUNPATH_SEARCH_PATHS = "$(inherited) @executable_path/../Frameworks @executable_path/../../../../Frameworks";
				PRODUCT_BUNDLE_IDENTIFIER = "com.1percenter.Linkist.Linked-List";
				PRODUCT_NAME = "$(TARGET_NAME)";
				SKIP_INSTALL = YES;
				SWIFT_VERSION = 4.0;
			};
			name = Debug;
		};
		4568F7C6202AA1F000B7EB5D /* Release */ = {
			isa = XCBuildConfiguration;
			buildSettings = {
				CODE_SIGN_ENTITLEMENTS = "Linked List/Linked_List.entitlements";
				CODE_SIGN_STYLE = Automatic;
				COMBINE_HIDPI_IMAGES = YES;
				DEVELOPMENT_TEAM = ZMEAAJZPVP;
				INFOPLIST_FILE = "Linked List/Info.plist";
				LD_RUNPATH_SEARCH_PATHS = "$(inherited) @executable_path/../Frameworks @executable_path/../../../../Frameworks";
				PRODUCT_BUNDLE_IDENTIFIER = "com.1percenter.Linkist.Linked-List";
				PRODUCT_NAME = "$(TARGET_NAME)";
				SKIP_INSTALL = YES;
				SWIFT_VERSION = 4.0;
			};
			name = Release;
		};
/* End XCBuildConfiguration section */

/* Begin XCConfigurationList section */
		4568F79A202AA19100B7EB5D /* Build configuration list for PBXProject "Linkist" */ = {
			isa = XCConfigurationList;
			buildConfigurations = (
				4568F7AD202AA19100B7EB5D /* Debug */,
				4568F7AE202AA19100B7EB5D /* Release */,
			);
			defaultConfigurationIsVisible = 0;
			defaultConfigurationName = Release;
		};
		4568F7AF202AA19100B7EB5D /* Build configuration list for PBXNativeTarget "Linkist" */ = {
			isa = XCConfigurationList;
			buildConfigurations = (
				4568F7B0202AA19100B7EB5D /* Debug */,
				4568F7B1202AA19100B7EB5D /* Release */,
			);
			defaultConfigurationIsVisible = 0;
			defaultConfigurationName = Release;
		};
		4568F7C4202AA1F000B7EB5D /* Build configuration list for PBXNativeTarget "Linked List" */ = {
			isa = XCConfigurationList;
			buildConfigurations = (
				4568F7C5202AA1F000B7EB5D /* Debug */,
				4568F7C6202AA1F000B7EB5D /* Release */,
			);
			defaultConfigurationIsVisible = 0;
			defaultConfigurationName = Release;
		};
/* End XCConfigurationList section */
	};
	rootObject = 4568F797202AA19100B7EB5D /* Project object */;
}
